{
    "_readme": [
        "This file locks the dependencies of your project to a known state",
        "Read more about it at https://getcomposer.org/doc/01-basic-usage.md#installing-dependencies",
        "This file is @generated automatically"
    ],
    "content-hash": "a566e2683e02d5db5b941311b0c7173b",
    "packages": [
        {
            "name": "cakephp/console",
            "version": "4.2.4",
            "source": {
                "type": "git",
                "url": "https://github.com/cakephp/console.git",
                "reference": "cdef106627359d9480738b4288f62cb45a08cbf3"
            },
            "dist": {
                "type": "zip",
                "url": "https://api.github.com/repos/cakephp/console/zipball/cdef106627359d9480738b4288f62cb45a08cbf3",
                "reference": "cdef106627359d9480738b4288f62cb45a08cbf3",
                "shasum": ""
            },
            "require": {
                "cakephp/core": "^4.0",
                "cakephp/event": "^4.0",
                "cakephp/filesystem": "^4.0",
                "cakephp/log": "^4.0",
                "cakephp/utility": "^4.0",
                "php": ">=7.2.0"
            },
            "suggest": {
                "cakephp/datasource": "To use the Shell or Command base classes",
                "cakephp/orm": "To use the Shell or Command base classes"
            },
            "type": "library",
            "autoload": {
                "psr-4": {
                    "Cake\\Console\\": "."
                }
            },
            "notification-url": "https://packagist.org/downloads/",
            "license": [
                "MIT"
            ],
            "authors": [
                {
                    "name": "CakePHP Community",
                    "homepage": "https://github.com/cakephp/cache/graphs/contributors"
                }
            ],
            "description": "Build beautiful console applications with CakePHP",
            "homepage": "https://cakephp.org",
            "keywords": [
                "cakephp",
                "cli",
                "console",
                "framework"
            ],
            "support": {
                "forum": "https://stackoverflow.com/tags/cakephp",
                "irc": "irc://irc.freenode.org/cakephp",
                "issues": "https://github.com/cakephp/cakephp/issues",
                "source": "https://github.com/cakephp/console"
            },
            "time": "2021-01-21T15:09:57+00:00"
        },
        {
            "name": "cakephp/core",
            "version": "4.2.4",
            "source": {
                "type": "git",
                "url": "https://github.com/cakephp/core.git",
                "reference": "54d11c1356cea54623a3ec55530259d3c47153e0"
            },
            "dist": {
                "type": "zip",
                "url": "https://api.github.com/repos/cakephp/core/zipball/54d11c1356cea54623a3ec55530259d3c47153e0",
                "reference": "54d11c1356cea54623a3ec55530259d3c47153e0",
                "shasum": ""
            },
            "require": {
                "cakephp/utility": "^4.0",
                "php": ">=7.2.0"
            },
            "suggest": {
                "cakephp/cache": "To use Configure::store() and restore().",
                "cakephp/event": "To use PluginApplicationInterface or plugin applications.",
                "league/container": "To use Container and ServiceProvider classes"
            },
            "type": "library",
            "autoload": {
                "psr-4": {
                    "Cake\\Core\\": "."
                },
                "files": [
                    "functions.php"
                ]
            },
            "notification-url": "https://packagist.org/downloads/",
            "license": [
                "MIT"
            ],
            "authors": [
                {
                    "name": "CakePHP Community",
                    "homepage": "https://github.com/cakephp/core/graphs/contributors"
                }
            ],
            "description": "CakePHP Framework Core classes",
            "homepage": "https://cakephp.org",
            "keywords": [
                "cakephp",
                "core",
                "framework"
            ],
            "support": {
                "forum": "https://stackoverflow.com/tags/cakephp",
                "irc": "irc://irc.freenode.org/cakephp",
                "issues": "https://github.com/cakephp/cakephp/issues",
                "source": "https://github.com/cakephp/core"
            },
            "time": "2020-12-29T02:05:46+00:00"
        },
        {
            "name": "cakephp/event",
            "version": "4.2.4",
            "source": {
                "type": "git",
                "url": "https://github.com/cakephp/event.git",
                "reference": "5ae4038a13c3a6884e05c6399e0fc379bbee9845"
            },
            "dist": {
                "type": "zip",
                "url": "https://api.github.com/repos/cakephp/event/zipball/5ae4038a13c3a6884e05c6399e0fc379bbee9845",
                "reference": "5ae4038a13c3a6884e05c6399e0fc379bbee9845",
                "shasum": ""
            },
            "require": {
                "cakephp/core": "^4.0",
                "php": ">=7.2.0"
            },
            "type": "library",
            "autoload": {
                "psr-4": {
                    "Cake\\Event\\": "."
                }
            },
            "notification-url": "https://packagist.org/downloads/",
            "license": [
                "MIT"
            ],
            "authors": [
                {
                    "name": "CakePHP Community",
                    "homepage": "https://github.com/cakephp/event/graphs/contributors"
                }
            ],
            "description": "CakePHP event dispatcher library that helps implementing the observer pattern",
            "homepage": "https://cakephp.org",
            "keywords": [
                "cakephp",
                "dispatcher",
                "event",
                "observer pattern"
            ],
            "support": {
                "forum": "https://stackoverflow.com/tags/cakephp",
                "irc": "irc://irc.freenode.org/cakephp",
                "issues": "https://github.com/cakephp/cakephp/issues",
                "source": "https://github.com/cakephp/event"
            },
            "time": "2020-12-29T02:05:46+00:00"
        },
        {
            "name": "cakephp/filesystem",
            "version": "4.2.4",
            "source": {
                "type": "git",
                "url": "https://github.com/cakephp/filesystem.git",
                "reference": "3e09a7448e4be893dba3a6d8f28deb8e92215214"
            },
            "dist": {
                "type": "zip",
                "url": "https://api.github.com/repos/cakephp/filesystem/zipball/3e09a7448e4be893dba3a6d8f28deb8e92215214",
                "reference": "3e09a7448e4be893dba3a6d8f28deb8e92215214",
                "shasum": ""
            },
            "require": {
                "cakephp/core": "^4.0",
                "php": ">=7.2.0"
            },
            "type": "library",
            "autoload": {
                "psr-4": {
                    "Cake\\Filesystem\\": "."
                }
            },
            "notification-url": "https://packagist.org/downloads/",
            "license": [
                "MIT"
            ],
            "authors": [
                {
                    "name": "CakePHP Community",
                    "homepage": "https://github.com/cakephp/filesystem/graphs/contributors"
                }
            ],
            "description": "CakePHP filesystem convenience classes to help you work with files and folders.",
            "homepage": "https://cakephp.org",
            "keywords": [
                "cakephp",
                "files",
                "filesystem",
                "folders"
            ],
            "support": {
                "forum": "https://stackoverflow.com/tags/cakephp",
                "irc": "irc://irc.freenode.org/cakephp",
                "issues": "https://github.com/cakephp/cakephp/issues",
                "source": "https://github.com/cakephp/filesystem"
            },
            "time": "2020-12-29T02:05:46+00:00"
        },
        {
            "name": "cakephp/log",
            "version": "4.2.4",
            "source": {
                "type": "git",
                "url": "https://github.com/cakephp/log.git",
                "reference": "47fbee613a15e8a0f421912a2e641f249842e6d5"
            },
            "dist": {
                "type": "zip",
                "url": "https://api.github.com/repos/cakephp/log/zipball/47fbee613a15e8a0f421912a2e641f249842e6d5",
                "reference": "47fbee613a15e8a0f421912a2e641f249842e6d5",
                "shasum": ""
            },
            "require": {
                "cakephp/core": "^4.0",
                "php": ">=7.2.0",
                "psr/log": "^1.0.0"
            },
            "provide": {
                "psr/log-implementation": "^1.0.0"
            },
            "type": "library",
            "autoload": {
                "psr-4": {
                    "Cake\\Log\\": "."
                }
            },
            "notification-url": "https://packagist.org/downloads/",
            "license": [
                "MIT"
            ],
            "authors": [
                {
                    "name": "CakePHP Community",
                    "homepage": "https://github.com/cakephp/log/graphs/contributors"
                }
            ],
            "description": "CakePHP logging library with support for multiple different streams",
            "homepage": "https://cakephp.org",
            "keywords": [
                "Streams",
                "cakephp",
                "log",
                "logging"
            ],
            "support": {
                "forum": "https://stackoverflow.com/tags/cakephp",
                "irc": "irc://irc.freenode.org/cakephp",
                "issues": "https://github.com/cakephp/cakephp/issues",
                "source": "https://github.com/cakephp/log"
            },
            "time": "2020-12-29T02:05:46+00:00"
        },
        {
            "name": "cakephp/utility",
            "version": "4.2.4",
            "source": {
                "type": "git",
                "url": "https://github.com/cakephp/utility.git",
                "reference": "37d737eef64f3f09af871b70730a99912248d157"
            },
            "dist": {
                "type": "zip",
                "url": "https://api.github.com/repos/cakephp/utility/zipball/37d737eef64f3f09af871b70730a99912248d157",
                "reference": "37d737eef64f3f09af871b70730a99912248d157",
                "shasum": ""
            },
            "require": {
                "cakephp/core": "^4.0",
                "php": ">=7.2.0"
            },
            "suggest": {
                "ext-intl": "To use Text::transliterate() or Text::slug()",
                "lib-ICU": "To use Text::transliterate() or Text::slug()"
            },
            "type": "library",
            "autoload": {
                "psr-4": {
                    "Cake\\Utility\\": "."
                },
                "files": [
                    "bootstrap.php"
                ]
            },
            "notification-url": "https://packagist.org/downloads/",
            "license": [
                "MIT"
            ],
            "authors": [
                {
                    "name": "CakePHP Community",
                    "homepage": "https://github.com/cakephp/utility/graphs/contributors"
                }
            ],
            "description": "CakePHP Utility classes such as Inflector, String, Hash, and Security",
            "homepage": "https://cakephp.org",
            "keywords": [
                "cakephp",
                "hash",
                "inflector",
                "security",
                "string",
                "utility"
            ],
            "support": {
                "forum": "https://stackoverflow.com/tags/cakephp",
                "irc": "irc://irc.freenode.org/cakephp",
                "issues": "https://github.com/cakephp/cakephp/issues",
                "source": "https://github.com/cakephp/utility"
            },
            "time": "2020-12-29T02:05:46+00:00"
        },
        {
            "name": "jelix/inifile",
            "version": "v3.2.4",
            "source": {
                "type": "git",
                "url": "https://github.com/jelix/inifile.git",
                "reference": "b0caa130f5c8329cb23f4ae19e4c7a1f7022c063"
            },
            "dist": {
                "type": "zip",
                "url": "https://api.github.com/repos/jelix/inifile/zipball/b0caa130f5c8329cb23f4ae19e4c7a1f7022c063",
                "reference": "b0caa130f5c8329cb23f4ae19e4c7a1f7022c063",
                "shasum": ""
            },
            "require": {
                "php": ">=5.6.1"
            },
            "require-dev": {
                "phpunit/phpunit": "4.8.*"
            },
            "type": "library",
            "autoload": {
                "psr-4": {
                    "Jelix\\IniFile\\": "lib/"
                }
            },
            "notification-url": "https://packagist.org/downloads/",
            "license": [
                "LGPL-2.1"
            ],
            "authors": [
                {
                    "name": "Laurent Jouanneau",
                    "email": "laurent@jelix.org"
                },
                {
                    "name": "Loic Mathaud"
                }
            ],
            "description": "classes to read and modify ini files by preserving comments and empty lines",
            "homepage": "http://jelix.org",
            "keywords": [
                "files",
                "ini"
            ],
            "support": {
                "issues": "https://github.com/jelix/inifile/issues",
                "source": "https://github.com/jelix/inifile/tree/v3.2.4"
            },
            "time": "2020-03-28T12:26:54+00:00"
        },
        {
            "name": "psr/log",
            "version": "1.1.3",
            "source": {
                "type": "git",
                "url": "https://github.com/php-fig/log.git",
                "reference": "0f73288fd15629204f9d42b7055f72dacbe811fc"
            },
            "dist": {
                "type": "zip",
                "url": "https://api.github.com/repos/php-fig/log/zipball/0f73288fd15629204f9d42b7055f72dacbe811fc",
                "reference": "0f73288fd15629204f9d42b7055f72dacbe811fc",
                "shasum": ""
            },
            "require": {
                "php": ">=5.3.0"
            },
            "type": "library",
            "extra": {
                "branch-alias": {
                    "dev-master": "1.1.x-dev"
                }
            },
            "autoload": {
                "psr-4": {
                    "Psr\\Log\\": "Psr/Log/"
                }
            },
            "notification-url": "https://packagist.org/downloads/",
            "license": [
                "MIT"
            ],
            "authors": [
                {
                    "name": "PHP-FIG",
                    "homepage": "http://www.php-fig.org/"
                }
            ],
            "description": "Common interface for logging libraries",
            "homepage": "https://github.com/php-fig/log",
            "keywords": [
                "log",
                "psr",
                "psr-3"
            ],
            "support": {
                "source": "https://github.com/php-fig/log/tree/1.1.3"
            },
            "time": "2020-03-23T09:12:05+00:00"
        }
    ],
    "packages-dev": [],
    "aliases": [],
    "minimum-stability": "stable",
    "stability-flags": [],
    "prefer-stable": false,
    "prefer-lowest": false,
    "platform": [],
    "platform-dev": [],
    "plugin-api-version": "2.0.0"
}
